
Microsoft Visual Studio Solution File, Format Version 12.00
# Visual Studio Version 16
VisualStudioVersion = 16.0.30204.135
MinimumVisualStudioVersion = 10.0.40219.1
Project("{FAE04EC0-301F-11D3-BF4B-00C04F79EFBC}") = "UMLProjectX", "UMLProjectX\UMLProjectX.csproj", "{8AF1AE7B-6FF9-4A31-9E88-93F6F55DAE22}"
EndProject
Global
	GlobalSection(SolutionConfigurationPlatforms) = preSolution
		Debug|Any CPU = Debug|Any CPU
		Release|Any CPU = Release|Any CPU
	EndGlobalSection
	GlobalSection(ProjectConfigurationPlatforms) = postSolution
		{8AF1AE7B-6FF9-4A31-9E88-93F6F55DAE22}.Debug|Any CPU.ActiveCfg = Debug|Any CPU
		{8AF1AE7B-6FF9-4A31-9E88-93F6F55DAE22}.Debug|Any CPU.Build.0 = Debug|Any CPU
		{8AF1AE7B-6FF9-4A31-9E88-93F6F55DAE22}.Release|Any CPU.ActiveCfg = Release|Any CPU
		{8AF1AE7B-6FF9-4A31-9E88-93F6F55DAE22}.Release|Any CPU.Build.0 = Release|Any CPU
	EndGlobalSection
	GlobalSection(SolutionProperties) = preSolution
		HideSolutionNode = FALSE
	EndGlobalSection
	GlobalSection(ExtensibilityGlobals) = postSolution
		SolutionGuid = {4854283E-116F-42EE-9C97-0D69397EC408}
	EndGlobalSection
EndGlobal
